
Microsoft Visual Studio Solution File, Format Version 12.00
# Visual Studio Version 17
VisualStudioVersion = 17.10.34928.147
MinimumVisualStudioVersion = 10.0.40219.1
Project("{FAE04EC0-301F-11D3-BF4B-00C04F79EFBC}") = "BlogAPI", "BlogAPI\BlogAPI.csproj", "{74F2A758-3B03-4B8B-B7D0-F5F94C2EB7FB}"
EndProject
Global
	GlobalSection(SolutionConfigurationPlatforms) = preSolution
		Debug|Any CPU = Debug|Any CPU
		Release|Any CPU = Release|Any CPU
	EndGlobalSection
	GlobalSection(ProjectConfigurationPlatforms) = postSolution
		{74F2A758-3B03-4B8B-B7D0-F5F94C2EB7FB}.Debug|Any CPU.ActiveCfg = Debug|Any CPU
		{74F2A758-3B03-4B8B-B7D0-F5F94C2EB7FB}.Debug|Any CPU.Build.0 = Debug|Any CPU
		{74F2A758-3B03-4B8B-B7D0-F5F94C2EB7FB}.Release|Any CPU.ActiveCfg = Release|Any CPU
		{74F2A758-3B03-4B8B-B7D0-F5F94C2EB7FB}.Release|Any CPU.Build.0 = Release|Any CPU
	EndGlobalSection
	GlobalSection(SolutionProperties) = preSolution
		HideSolutionNode = FALSE
	EndGlobalSection
	GlobalSection(ExtensibilityGlobals) = postSolution
		SolutionGuid = {1DFD2D91-E26F-4EBE-9610-0882C2D53CFB}
	EndGlobalSection
EndGlobal
